
Microsoft Visual Studio Solution File, Format Version 12.00
# Visual Studio Version 16
VisualStudioVersion = 16.0.32126.315
MinimumVisualStudioVersion = 10.0.40219.1
Project("{FAE04EC0-301F-11D3-BF4B-00C04F79EFBC}") = "WebsiteLogin", "WebsiteLogin\WebsiteLogin.csproj", "{1CF0B169-4A2A-4514-9F08-2A4C9D2E4F14}"
EndProject
Global
	GlobalSection(SolutionConfigurationPlatforms) = preSolution
		Debug|Any CPU = Debug|Any CPU
		Release|Any CPU = Release|Any CPU
	EndGlobalSection
	GlobalSection(ProjectConfigurationPlatforms) = postSolution
		{1CF0B169-4A2A-4514-9F08-2A4C9D2E4F14}.Debug|Any CPU.ActiveCfg = Debug|Any CPU
		{1CF0B169-4A2A-4514-9F08-2A4C9D2E4F14}.Debug|Any CPU.Build.0 = Debug|Any CPU
		{1CF0B169-4A2A-4514-9F08-2A4C9D2E4F14}.Release|Any CPU.ActiveCfg = Release|Any CPU
		{1CF0B169-4A2A-4514-9F08-2A4C9D2E4F14}.Release|Any CPU.Build.0 = Release|Any CPU
	EndGlobalSection
	GlobalSection(SolutionProperties) = preSolution
		HideSolutionNode = FALSE
	EndGlobalSection
	GlobalSection(ExtensibilityGlobals) = postSolution
		SolutionGuid = {918C0D37-AC3F-400F-A792-5BA38AE959D5}
	EndGlobalSection
EndGlobal
